
Microsoft Visual Studio Solution File, Format Version 12.00
# Visual Studio Version 16
VisualStudioVersion = 16.0.30621.155
MinimumVisualStudioVersion = 10.0.40219.1
Project("{888888A0-9F3D-457C-B088-3A5042F75D52}") = "ZoomCloneAppServer", "ZoomCloneAppServer\ZoomCloneAppServer.pyproj", "{7E25C019-4E2D-4566-AC01-6AA6F12652D2}"
EndProject
Global
	GlobalSection(SolutionConfigurationPlatforms) = preSolution
		Debug|Any CPU = Debug|Any CPU
		Release|Any CPU = Release|Any CPU
	EndGlobalSection
	GlobalSection(ProjectConfigurationPlatforms) = postSolution
		{7E25C019-4E2D-4566-AC01-6AA6F12652D2}.Debug|Any CPU.ActiveCfg = Debug|Any CPU
		{7E25C019-4E2D-4566-AC01-6AA6F12652D2}.Release|Any CPU.ActiveCfg = Release|Any CPU
	EndGlobalSection
	GlobalSection(SolutionProperties) = preSolution
		HideSolutionNode = FALSE
	EndGlobalSection
	GlobalSection(ExtensibilityGlobals) = postSolution
		SolutionGuid = {242E30C2-9ECE-4B7E-BE83-2D9E1EA75373}
	EndGlobalSection
EndGlobal
